
Microsoft Visual Studio Solution File, Format Version 12.00
# Visual Studio 14
VisualStudioVersion = 14.0.25420.1
MinimumVisualStudioVersion = 10.0.40219.1
Project("{FAE04EC0-301F-11D3-BF4B-00C04F79EFBC}") = "Win.UI", "Win.UI\Win.UI.csproj", "{9DC3DEDD-712C-438D-8E06-86AA7EF770F8}"
EndProject
Project("{FAE04EC0-301F-11D3-BF4B-00C04F79EFBC}") = "TMS.BLL", "TMS.BLL\TMS.BLL.csproj", "{E12860E9-C246-4209-BDF8-D1E333D31948}"
EndProject
Project("{FAE04EC0-301F-11D3-BF4B-00C04F79EFBC}") = "TMS.Common", "TMS.Common\TMS.Common.csproj", "{D439E409-F469-4556-ACA9-C6ACB263112E}"
EndProject
Project("{FAE04EC0-301F-11D3-BF4B-00C04F79EFBC}") = "TMS.DAL", "TMS.DAL\TMS.DAL.csproj", "{8033487C-9E9B-495E-8761-620A58BF1EF0}"
EndProject
Global
	GlobalSection(SolutionConfigurationPlatforms) = preSolution
		Debug|Any CPU = Debug|Any CPU
		Release|Any CPU = Release|Any CPU
	EndGlobalSection
	GlobalSection(ProjectConfigurationPlatforms) = postSolution
		{9DC3DEDD-712C-438D-8E06-86AA7EF770F8}.Debug|Any CPU.ActiveCfg = Debug|Any CPU
		{9DC3DEDD-712C-438D-8E06-86AA7EF770F8}.Debug|Any CPU.Build.0 = Debug|Any CPU
		{9DC3DEDD-712C-438D-8E06-86AA7EF770F8}.Release|Any CPU.ActiveCfg = Release|Any CPU
		{9DC3DEDD-712C-438D-8E06-86AA7EF770F8}.Release|Any CPU.Build.0 = Release|Any CPU
		{E12860E9-C246-4209-BDF8-D1E333D31948}.Debug|Any CPU.ActiveCfg = Debug|Any CPU
		{E12860E9-C246-4209-BDF8-D1E333D31948}.Debug|Any CPU.Build.0 = Debug|Any CPU
		{E12860E9-C246-4209-BDF8-D1E333D31948}.Release|Any CPU.ActiveCfg = Release|Any CPU
		{E12860E9-C246-4209-BDF8-D1E333D31948}.Release|Any CPU.Build.0 = Release|Any CPU
		{D439E409-F469-4556-ACA9-C6ACB263112E}.Debug|Any CPU.ActiveCfg = Debug|Any CPU
		{D439E409-F469-4556-ACA9-C6ACB263112E}.Debug|Any CPU.Build.0 = Debug|Any CPU
		{D439E409-F469-4556-ACA9-C6ACB263112E}.Release|Any CPU.ActiveCfg = Release|Any CPU
		{D439E409-F469-4556-ACA9-C6ACB263112E}.Release|Any CPU.Build.0 = Release|Any CPU
		{8033487C-9E9B-495E-8761-620A58BF1EF0}.Debug|Any CPU.ActiveCfg = Debug|Any CPU
		{8033487C-9E9B-495E-8761-620A58BF1EF0}.Debug|Any CPU.Build.0 = Debug|Any CPU
		{8033487C-9E9B-495E-8761-620A58BF1EF0}.Release|Any CPU.ActiveCfg = Release|Any CPU
		{8033487C-9E9B-495E-8761-620A58BF1EF0}.Release|Any CPU.Build.0 = Release|Any CPU
	EndGlobalSection
	GlobalSection(SolutionProperties) = preSolution
		HideSolutionNode = FALSE
	EndGlobalSection
EndGlobal
